// !$*UTF8*$!
{
	archiveVersion = 1;
	classes = {
	};
	objectVersion = 46;
	objects = {

/* Begin PBXBuildFile section */
		AB638FBD1B54AD7100AD7620 /* main.m in Sources */ = {isa = PBXBuildFile; fileRef = AB638FBC1B54AD7100AD7620 /* main.m */; };
		AB638FC01B54AD7100AD7620 /* AppDelegate.m in Sources */ = {isa = PBXBuildFile; fileRef = AB638FBF1B54AD7100AD7620 /* AppDelegate.m */; };
		AB638FC31B54AD7100AD7620 /* ViewController.m in Sources */ = {isa = PBXBuildFile; fileRef = AB638FC21B54AD7100AD7620 /* ViewController.m */; };
		AB638FC61B54AD7100AD7620 /* Main.storyboard in Resources */ = {isa = PBXBuildFile; fileRef = AB638FC41B54AD7100AD7620 /* Main.storyboard */; };
		AB638FC81B54AD7100AD7620 /* Images.xcassets in Resources */ = {isa = PBXBuildFile; fileRef = AB638FC71B54AD7100AD7620 /* Images.xcassets */; };
		AB638FCB1B54AD7100AD7620 /* LaunchScreen.xib in Resources */ = {isa = PBXBuildFile; fileRef = AB638FC91B54AD7100AD7620 /* LaunchScreen.xib */; };
		AB638FD71B54AD7100AD7620 /* CircleCITests.m in Sources */ = {isa = PBXBuildFile; fileRef = AB638FD61B54AD7100AD7620 /* CircleCITests.m */; };
/* End PBXBuildFile section */

/* Begin PBXContainerItemProxy section */
		AB638FD11B54AD7100AD7620 /* PBXContainerItemProxy */ = {
			isa = PBXContainerItemProxy;
			containerPortal = AB638FAF1B54AD7100AD7620 /* Project object */;
			proxyType = 1;
			remoteGlobalIDString = AB638FB61B54AD7100AD7620;
			remoteInfo = CircleCI;
		};
/* End PBXContainerItemProxy section */

/* Begin PBXFileReference section */
		AB638FB71B54AD7100AD7620 /* CircleCI.app */ = {isa = PBXFileReference; explicitFileType = wrapper.application; includeInIndex = 0; path = CircleCI.app; sourceTree = BUILT_PRODUCTS_DIR; };
		AB638FBB1B54AD7100AD7620 /* Info.plist */ = {isa = PBXFileReference; lastKnownFileType = text.plist.xml; path = Info.plist; sourceTree = "<group>"; };
		AB638FBC1B54AD7100AD7620 /* main.m */ = {isa = PBXFileReference; lastKnownFileType = sourcecode.c.objc; path = main.m; sourceTree = "<group>"; };
		AB638FBE1B54AD7100AD7620 /* AppDelegate.h */ = {isa = PBXFileReference; lastKnownFileType = sourcecode.c.h; path = AppDelegate.h; sourceTree = "<group>"; };
		AB638FBF1B54AD7100AD7620 /* AppDelegate.m */ = {isa = PBXFileReference; lastKnownFileType = sourcecode.c.objc; path = AppDelegate.m; sourceTree = "<group>"; };
		AB638FC11B54AD7100AD7620 /* ViewController.h */ = {isa = PBXFileReference; lastKnownFileType = sourcecode.c.h; path = ViewController.h; sourceTree = "<group>"; };
		AB638FC21B54AD7100AD7620 /* ViewController.m */ = {isa = PBXFileReference; lastKnownFileType = sourcecode.c.objc; path = ViewController.m; sourceTree = "<group>"; };
		AB638FC51B54AD7100AD7620 /* Base */ = {isa = PBXFileReference; lastKnownFileType = file.storyboard; name = Base; path = Base.lproj/Main.storyboard; sourceTree = "<group>"; };
		AB638FC71B54AD7100AD7620 /* Images.xcassets */ = {isa = PBXFileReference; lastKnownFileType = folder.assetcatalog; path = Images.xcassets; sourceTree = "<group>"; };
		AB638FCA1B54AD7100AD7620 /* Base */ = {isa = PBXFileReference; lastKnownFileType = file.xib; name = Base; path = Base.lproj/LaunchScreen.xib; sourceTree = "<group>"; };
		AB638FD01B54AD7100AD7620 /* CircleCITests.xctest */ = {isa = PBXFileReference; explicitFileType = wrapper.cfbundle; includeInIndex = 0; path = CircleCITests.xctest; sourceTree = BUILT_PRODUCTS_DIR; };
		AB638FD51B54AD7100AD7620 /* Info.plist */ = {isa = PBXFileReference; lastKnownFileType = text.plist.xml; path = Info.plist; sourceTree = "<group>"; };
		AB638FD61B54AD7100AD7620 /* CircleCITests.m */ = {isa = PBXFileReference; lastKnownFileType = sourcecode.c.objc; path = CircleCITests.m; sourceTree = "<group>"; };
/* End PBXFileReference section */

/* Begin PBXFrameworksBuildPhase section */
		AB638FB41B54AD7100AD7620 /* Frameworks */ = {
			isa = PBXFrameworksBuildPhase;
			buildActionMask = 2147483647;
			files = (
			);
			runOnlyForDeploymentPostprocessing = 0;
		};
		AB638FCD1B54AD7100AD7620 /* Frameworks */ = {
			isa = PBXFrameworksBuildPhase;
			buildActionMask = 2147483647;
			files = (
			);
			runOnlyForDeploymentPostprocessing = 0;
		};
/* End PBXFrameworksBuildPhase section */

/* Begin PBXGroup section */
		AB638FAE1B54AD7100AD7620 = {
			isa = PBXGroup;
			children = (
				AB638FB91B54AD7100AD7620 /* CircleCI */,
				AB638FD31B54AD7100AD7620 /* CircleCITests */,
				AB638FB81B54AD7100AD7620 /* Products */,
			);
			sourceTree = "<group>";
		};
		AB638FB81B54AD7100AD7620 /* Products */ = {
			isa = PBXGroup;
			children = (
				AB638FB71B54AD7100AD7620 /* CircleCI.app */,
				AB638FD01B54AD7100AD7620 /* CircleCITests.xctest */,
			);
			name = Products;
			sourceTree = "<group>";
		};
		AB638FB91B54AD7100AD7620 /* CircleCI */ = {
			isa = PBXGroup;
			children = (
				AB638FBE1B54AD7100AD7620 /* AppDelegate.h */,
				AB638FBF1B54AD7100AD7620 /* AppDelegate.m */,
				AB638FC11B54AD7100AD7620 /* ViewController.h */,
				AB638FC21B54AD7100AD7620 /* ViewController.m */,
				AB638FC41B54AD7100AD7620 /* Main.storyboard */,
				AB638FC71B54AD7100AD7620 /* Images.xcassets */,
				AB638FC91B54AD7100AD7620 /* LaunchScreen.xib */,
				AB638FBA1B54AD7100AD7620 /* Supporting Files */,
			);
			path = CircleCI;
			sourceTree = "<group>";
		};
		AB638FBA1B54AD7100AD7620 /* Supporting Files */ = {
			isa = PBXGroup;
			children = (
				AB638FBB1B54AD7100AD7620 /* Info.plist */,
				AB638FBC1B54AD7100AD7620 /* main.m */,
			);
			name = "Supporting Files";
			sourceTree = "<group>";
		};
		AB638FD31B54AD7100AD7620 /* CircleCITests */ = {
			isa = PBXGroup;
			children = (
				AB638FD61B54AD7100AD7620 /* CircleCITests.m */,
				AB638FD41B54AD7100AD7620 /* Supporting Files */,
			);
			path = CircleCITests;
			sourceTree = "<group>";
		};
		AB638FD41B54AD7100AD7620 /* Supporting Files */ = {
			isa = PBXGroup;
			children = (
				AB638FD51B54AD7100AD7620 /* Info.plist */,
			);
			name = "Supporting Files";
			sourceTree = "<group>";
		};
/* End PBXGroup section */

/* Begin PBXNativeTarget section */
		AB638FB61B54AD7100AD7620 /* CircleCI */ = {
			isa = PBXNativeTarget;
			buildConfigurationList = AB638FDA1B54AD7100AD7620 /* Build configuration list for PBXNativeTarget "CircleCI" */;
			buildPhases = (
				AB638FB31B54AD7100AD7620 /* Sources */,
				AB638FB41B54AD7100AD7620 /* Frameworks */,
				AB638FB51B54AD7100AD7620 /* Resources */,
			);
			buildRules = (
			);
			dependencies = (
			);
			name = CircleCI;
			productName = CircleCI;
			productReference = AB638FB71B54AD7100AD7620 /* CircleCI.app */;
			productType = "com.apple.product-type.application";
		};
		AB638FCF1B54AD7100AD7620 /* CircleCITests */ = {
			isa = PBXNativeTarget;
			buildConfigurationList = AB638FDD1B54AD7100AD7620 /* Build configuration list for PBXNativeTarget "CircleCITests" */;
			buildPhases = (
				AB638FCC1B54AD7100AD7620 /* Sources */,
				AB638FCD1B54AD7100AD7620 /* Frameworks */,
				AB638FCE1B54AD7100AD7620 /* Resources */,
			);
			buildRules = (
			);
			dependencies = (
				AB638FD21B54AD7100AD7620 /* PBXTargetDependency */,
			);
			name = CircleCITests;
			productName = CircleCITests;
			productReference = AB638FD01B54AD7100AD7620 /* CircleCITests.xctest */;
			productType = "com.apple.product-type.bundle.unit-test";
		};
/* End PBXNativeTarget section */

/* Begin PBXProject section */
		AB638FAF1B54AD7100AD7620 /* Project object */ = {
			isa = PBXProject;
			attributes = {
				LastUpgradeCheck = 0630;
				ORGANIZATIONNAME = "Thinh Xavi";
				TargetAttributes = {
					AB638FB61B54AD7100AD7620 = {
						CreatedOnToolsVersion = 6.3;
					};
					AB638FCF1B54AD7100AD7620 = {
						CreatedOnToolsVersion = 6.3;
						TestTargetID = AB638FB61B54AD7100AD7620;
					};
				};
			};
			buildConfigurationList = AB638FB21B54AD7100AD7620 /* Build configuration list for PBXProject "CircleCI" */;
			compatibilityVersion = "Xcode 3.2";
			developmentRegion = English;
			hasScannedForEncodings = 0;
			knownRegions = (
				en,
				Base,
			);
			mainGroup = AB638FAE1B54AD7100AD7620;
			productRefGroup = AB638FB81B54AD7100AD7620 /* Products */;
			projectDirPath = "";
			projectRoot = "";
			targets = (
				AB638FB61B54AD7100AD7620 /* CircleCI */,
				AB638FCF1B54AD7100AD7620 /* CircleCITests */,
			);
		};
/* End PBXProject section */

/* Begin PBXResourcesBuildPhase section */
		AB638FB51B54AD7100AD7620 /* Resources */ = {
			isa = PBXResourcesBuildPhase;
			buildActionMask = 2147483647;
			files = (
				AB638FC61B54AD7100AD7620 /* Main.storyboard in Resources */,
				AB638FCB1B54AD7100AD7620 /* LaunchScreen.xib in Resources */,
				AB638FC81B54AD7100AD7620 /* Images.xcassets in Resources */,
			);
			runOnlyForDeploymentPostprocessing = 0;
		};
		AB638FCE1B54AD7100AD7620 /* Resources */ = {
			isa = PBXResourcesBuildPhase;
			buildActionMask = 2147483647;
			files = (
			);
			runOnlyForDeploymentPostprocessing = 0;
		};
/* End PBXResourcesBuildPhase section */

/* Begin PBXSourcesBuildPhase section */
		AB638FB31B54AD7100AD7620 /* Sources */ = {
			isa = PBXSourcesBuildPhase;
			buildActionMask = 2147483647;
			files = (
				AB638FC31B54AD7100AD7620 /* ViewController.m in Sources */,
				AB638FC01B54AD7100AD7620 /* AppDelegate.m in Sources */,
				AB638FBD1B54AD7100AD7620 /* main.m in Sources */,
			);
			runOnlyForDeploymentPostprocessing = 0;
		};
		AB638FCC1B54AD7100AD7620 /* Sources */ = {
			isa = PBXSourcesBuildPhase;
			buildActionMask = 2147483647;
			files = (
				AB638FD71B54AD7100AD7620 /* CircleCITests.m in Sources */,
			);
			runOnlyForDeploymentPostprocessing = 0;
		};
/* End PBXSourcesBuildPhase section */

/* Begin PBXTargetDependency section */
		AB638FD21B54AD7100AD7620 /* PBXTargetDependency */ = {
			isa = PBXTargetDependency;
			target = AB638FB61B54AD7100AD7620 /* CircleCI */;
			targetProxy = AB638FD11B54AD7100AD7620 /* PBXContainerItemProxy */;
		};
/* End PBXTargetDependency section */

/* Begin PBXVariantGroup section */
		AB638FC41B54AD7100AD7620 /* Main.storyboard */ = {
			isa = PBXVariantGroup;
			children = (
				AB638FC51B54AD7100AD7620 /* Base */,
			);
			name = Main.storyboard;
			sourceTree = "<group>";
		};
		AB638FC91B54AD7100AD7620 /* LaunchScreen.xib */ = {
			isa = PBXVariantGroup;
			children = (
				AB638FCA1B54AD7100AD7620 /* Base */,
			);
			name = LaunchScreen.xib;
			sourceTree = "<group>";
		};
/* End PBXVariantGroup section */

/* Begin XCBuildConfiguration section */
		AB638FD81B54AD7100AD7620 /* Debug */ = {
			isa = XCBuildConfiguration;
			buildSettings = {
				ALWAYS_SEARCH_USER_PATHS = NO;
				CLANG_CXX_LANGUAGE_STANDARD = "gnu++0x";
				CLANG_CXX_LIBRARY = "libc++";
				CLANG_ENABLE_MODULES = YES;
				CLANG_ENABLE_OBJC_ARC = YES;
				CLANG_WARN_BOOL_CONVERSION = YES;
				CLANG_WARN_CONSTANT_CONVERSION = YES;
				CLANG_WARN_DIRECT_OBJC_ISA_USAGE = YES_ERROR;
				CLANG_WARN_EMPTY_BODY = YES;
				CLANG_WARN_ENUM_CONVERSION = YES;
				CLANG_WARN_INT_CONVERSION = YES;
				CLANG_WARN_OBJC_ROOT_CLASS = YES_ERROR;
				CLANG_WARN_UNREACHABLE_CODE = YES;
				CLANG_WARN__DUPLICATE_METHOD_MATCH = YES;
				"CODE_SIGN_IDENTITY[sdk=iphoneos*]" = "iPhone Developer";
				COPY_PHASE_STRIP = NO;
				DEBUG_INFORMATION_FORMAT = "dwarf-with-dsym";
				ENABLE_STRICT_OBJC_MSGSEND = YES;
				GCC_C_LANGUAGE_STANDARD = gnu99;
				GCC_DYNAMIC_NO_PIC = NO;
				GCC_NO_COMMON_BLOCKS = YES;
				GCC_OPTIMIZATION_LEVEL = 0;
				GCC_PREPROCESSOR_DEFINITIONS = (
					"DEBUG=1",
					"$(inherited)",
				);
				GCC_SYMBOLS_PRIVATE_EXTERN = NO;
				GCC_WARN_64_TO_32_BIT_CONVERSION = YES;
				GCC_WARN_ABOUT_RETURN_TYPE = YES_ERROR;
				GCC_WARN_UNDECLARED_SELECTOR = YES;
				GCC_WARN_UNINITIALIZED_AUTOS = YES_AGGRESSIVE;
				GCC_WARN_UNUSED_FUNCTION = YES;
				GCC_WARN_UNUSED_VARIABLE = YES;
				IPHONEOS_DEPLOYMENT_TARGET = 8.3;
				MTL_ENABLE_DEBUG_INFO = YES;
				ONLY_ACTIVE_ARCH = YES;
				SDKROOT = iphoneos;
				TARGETED_DEVICE_FAMILY = "1,2";
			};
			name = Debug;
		};
		AB638FD91B54AD7100AD7620 /* Release */ = {
			isa = XCBuildConfiguration;
			buildSettings = {
				ALWAYS_SEARCH_USER_PATHS = NO;
				CLANG_CXX_LANGUAGE_STANDARD = "gnu++0x";
				CLANG_CXX_LIBRARY = "libc++";
				CLANG_ENABLE_MODULES = YES;
				CLANG_ENABLE_OBJC_ARC = YES;
				CLANG_WARN_BOOL_CONVERSION = YES;
				CLANG_WARN_CONSTANT_CONVERSION = YES;
				CLANG_WARN_DIRECT_OBJC_ISA_USAGE = YES_ERROR;
				CLANG_WARN_EMPTY_BODY = YES;
				CLANG_WARN_ENUM_CONVERSION = YES;
				CLANG_WARN_INT_CONVERSION = YES;
				CLANG_WARN_OBJC_ROOT_CLASS = YES_ERROR;
				CLANG_WARN_UNREACHABLE_CODE = YES;
				CLANG_WARN__DUPLICATE_METHOD_MATCH = YES;
				"CODE_SIGN_IDENTITY[sdk=iphoneos*]" = "iPhone Developer";
				COPY_PHASE_STRIP = NO;
				DEBUG_INFORMATION_FORMAT = "dwarf-with-dsym";
				ENABLE_NS_ASSERTIONS = NO;
				ENABLE_STRICT_OBJC_MSGSEND = YES;
				GCC_C_LANGUAGE_STANDARD = gnu99;
				GCC_NO_COMMON_BLOCKS = YES;
				GCC_WARN_64_TO_32_BIT_CONVERSION = YES;
				GCC_WARN_ABOUT_RETURN_TYPE = YES_ERROR;
				GCC_WARN_UNDECLARED_SELECTOR = YES;
				GCC_WARN_UNINITIALIZED_AUTOS = YES_AGGRESSIVE;
				GCC_WARN_UNUSED_FUNCTION = YES;
				GCC_WARN_UNUSED_VARIABLE = YES;
				IPHONEOS_DEPLOYMENT_TARGET = 8.3;
				MTL_ENABLE_DEBUG_INFO = NO;
				SDKROOT = iphoneos;
				TARGETED_DEVICE_FAMILY = "1,2";
				VALIDATE_PRODUCT = YES;
			};
			name = Release;
		};
		AB638FDB1B54AD7100AD7620 /* Debug */ = {
			isa = XCBuildConfiguration;
			buildSettings = {
				ASSETCATALOG_COMPILER_APPICON_NAME = AppIcon;
				INFOPLIST_FILE = CircleCI/Info.plist;
				LD_RUNPATH_SEARCH_PATHS = "$(inherited) @executable_path/Frameworks";
				PRODUCT_NAME = "$(TARGET_NAME)";
			};
			name = Debug;
		};
		AB638FDC1B54AD7100AD7620 /* Release */ = {
			isa = XCBuildConfiguration;
			buildSettings = {
				ASSETCATALOG_COMPILER_APPICON_NAME = AppIcon;
				INFOPLIST_FILE = CircleCI/Info.plist;
				LD_RUNPATH_SEARCH_PATHS = "$(inherited) @executable_path/Frameworks";
				PRODUCT_NAME = "$(TARGET_NAME)";
			};
			name = Release;
		};
		AB638FDE1B54AD7100AD7620 /* Debug */ = {
			isa = XCBuildConfiguration;
			buildSettings = {
				BUNDLE_LOADER = "$(TEST_HOST)";
				FRAMEWORK_SEARCH_PATHS = (
					"$(SDKROOT)/Developer/Library/Frameworks",
					"$(inherited)",
				);
				GCC_PREPROCESSOR_DEFINITIONS = (
					"DEBUG=1",
					"$(inherited)",
				);
				INFOPLIST_FILE = CircleCITests/Info.plist;
				LD_RUNPATH_SEARCH_PATHS = "$(inherited) @executable_path/Frameworks @loader_path/Frameworks";
				PRODUCT_NAME = "$(TARGET_NAME)";
				TEST_HOST = "$(BUILT_PRODUCTS_DIR)/CircleCI.app/CircleCI";
			};
			name = Debug;
		};
		AB638FDF1B54AD7100AD7620 /* Release */ = {
			isa = XCBuildConfiguration;
			buildSettings = {
				BUNDLE_LOADER = "$(TEST_HOST)";
				FRAMEWORK_SEARCH_PATHS = (
					"$(SDKROOT)/Developer/Library/Frameworks",
					"$(inherited)",
				);
				INFOPLIST_FILE = CircleCITests/Info.plist;
				LD_RUNPATH_SEARCH_PATHS = "$(inherited) @executable_path/Frameworks @loader_path/Frameworks";
				PRODUCT_NAME = "$(TARGET_NAME)";
				TEST_HOST = "$(BUILT_PRODUCTS_DIR)/CircleCI.app/CircleCI";
			};
			name = Release;
		};
/* End XCBuildConfiguration section */

/* Begin XCConfigurationList section */
		AB638FB21B54AD7100AD7620 /* Build configuration list for PBXProject "CircleCI" */ = {
			isa = XCConfigurationList;
			buildConfigurations = (
				AB638FD81B54AD7100AD7620 /* Debug */,
				AB638FD91B54AD7100AD7620 /* Release */,
			);
			defaultConfigurationIsVisible = 0;
			defaultConfigurationName = Release;
		};
		AB638FDA1B54AD7100AD7620 /* Build configuration list for PBXNativeTarget "CircleCI" */ = {
			isa = XCConfigurationList;
			buildConfigurations = (
				AB638FDB1B54AD7100AD7620 /* Debug */,
				AB638FDC1B54AD7100AD7620 /* Release */,
			);
			defaultConfigurationIsVisible = 0;
		};
		AB638FDD1B54AD7100AD7620 /* Build configuration list for PBXNativeTarget "CircleCITests" */ = {
			isa = XCConfigurationList;
			buildConfigurations = (
				AB638FDE1B54AD7100AD7620 /* Debug */,
				AB638FDF1B54AD7100AD7620 /* Release */,
			);
			defaultConfigurationIsVisible = 0;
		};
/* End XCConfigurationList section */
	};
	rootObject = AB638FAF1B54AD7100AD7620 /* Project object */;
}
